
Microsoft Visual Studio Solution File, Format Version 12.00
# Visual Studio Version 17
VisualStudioVersion = 17.2.32630.192
MinimumVisualStudioVersion = 10.0.40219.1
Project("{2150E333-8FDC-42A3-9474-1A3956D46DE8}") = "ADGetUsers", "ADGetUsers", "{A44CC51A-73A6-4AF9-A8F4-FF533B2F1CD4}"
	ProjectSection(SolutionItems) = preProject
		ADGetUsers.ps1 = ADGetUsers.ps1
	EndProjectSection
EndProject
Project("{2150E333-8FDC-42A3-9474-1A3956D46DE8}") = "Solution Items", "Solution Items", "{C60F770D-A0B3-4EA3-9EBB-D532598AC36B}"
	ProjectSection(SolutionItems) = preProject
		.gitattributes = .gitattributes
		.gitignore = .gitignore
		LICENSE.md = LICENSE.md
		README.md = README.md
	EndProjectSection
EndProject
Global
	GlobalSection(SolutionProperties) = preSolution
		HideSolutionNode = FALSE
	EndGlobalSection
	GlobalSection(ExtensibilityGlobals) = postSolution
		SolutionGuid = {E1C1FCA1-B1F1-4E06-A403-4AC05875C955}
	EndGlobalSection
EndGlobal
